// !$*UTF8*$!
{
	archiveVersion = 1;
	classes = {
	};
	objectVersion = 50;
	objects = {

/* Begin PBXBuildFile section */
		436E3E7D256C1B5B0093AF3C /* AyasView.swift in Sources */ = {isa = PBXBuildFile; fileRef = 436E3E7C256C1B5B0093AF3C /* AyasView.swift */; };
		436E3E7E256C1B5B0093AF3C /* AyasView.swift in Sources */ = {isa = PBXBuildFile; fileRef = 436E3E7C256C1B5B0093AF3C /* AyasView.swift */; };
		436E3E88256E93240093AF3C /* Colors.xcassets in Resources */ = {isa = PBXBuildFile; fileRef = 436E3E87256E93240093AF3C /* Colors.xcassets */; };
		436E3E89256E93240093AF3C /* Colors.xcassets in Resources */ = {isa = PBXBuildFile; fileRef = 436E3E87256E93240093AF3C /* Colors.xcassets */; };
		436E3E93257265430093AF3C /* WordsView.swift in Sources */ = {isa = PBXBuildFile; fileRef = 436E3E92257265430093AF3C /* WordsView.swift */; };
		436E3E94257265430093AF3C /* WordsView.swift in Sources */ = {isa = PBXBuildFile; fileRef = 436E3E92257265430093AF3C /* WordsView.swift */; };
		436E3E9A2572AF6F0093AF3C /* WordRow.swift in Sources */ = {isa = PBXBuildFile; fileRef = 436E3E992572AF6E0093AF3C /* WordRow.swift */; };
		436E3E9B2572AF6F0093AF3C /* WordRow.swift in Sources */ = {isa = PBXBuildFile; fileRef = 436E3E992572AF6E0093AF3C /* WordRow.swift */; };
		436E3EA12575498D0093AF3C /* SurasView.swift in Sources */ = {isa = PBXBuildFile; fileRef = 436E3EA02575498D0093AF3C /* SurasView.swift */; };
		436E3EA22575498D0093AF3C /* SurasView.swift in Sources */ = {isa = PBXBuildFile; fileRef = 436E3EA02575498D0093AF3C /* SurasView.swift */; };
		436E3F3C2578585F0093AF3C /* AyaRow.swift in Sources */ = {isa = PBXBuildFile; fileRef = 436E3F3B2578585F0093AF3C /* AyaRow.swift */; };
		436E3F3D2578585F0093AF3C /* AyaRow.swift in Sources */ = {isa = PBXBuildFile; fileRef = 436E3F3B2578585F0093AF3C /* AyaRow.swift */; };
		436E3F47257A1C490093AF3C /* SurasList.swift in Sources */ = {isa = PBXBuildFile; fileRef = 436E3F46257A1C490093AF3C /* SurasList.swift */; };
		436E3F48257A1C490093AF3C /* SurasList.swift in Sources */ = {isa = PBXBuildFile; fileRef = 436E3F46257A1C490093AF3C /* SurasList.swift */; };
		436E3F4E257A3B300093AF3C /* AyasList.swift in Sources */ = {isa = PBXBuildFile; fileRef = 436E3F4D257A3B300093AF3C /* AyasList.swift */; };
		436E3F4F257A3B300093AF3C /* AyasList.swift in Sources */ = {isa = PBXBuildFile; fileRef = 436E3F4D257A3B300093AF3C /* AyasList.swift */; };
		436E3F55257A572D0093AF3C /* AyasType.swift in Sources */ = {isa = PBXBuildFile; fileRef = 436E3F54257A572D0093AF3C /* AyasType.swift */; };
		436E3F56257A572D0093AF3C /* AyasType.swift in Sources */ = {isa = PBXBuildFile; fileRef = 436E3F54257A572D0093AF3C /* AyasType.swift */; };
		436E3F60257A6F470093AF3C /* AyasViewAll.swift in Sources */ = {isa = PBXBuildFile; fileRef = 436E3F5F257A6F470093AF3C /* AyasViewAll.swift */; };
		436E3F61257A6F470093AF3C /* AyasViewAll.swift in Sources */ = {isa = PBXBuildFile; fileRef = 436E3F5F257A6F470093AF3C /* AyasViewAll.swift */; };
		436E3F6B257A9CA80093AF3C /* WordsViewAll.swift in Sources */ = {isa = PBXBuildFile; fileRef = 436E3F6A257A9CA80093AF3C /* WordsViewAll.swift */; };
		436E3F6C257A9CA80093AF3C /* WordsViewAll.swift in Sources */ = {isa = PBXBuildFile; fileRef = 436E3F6A257A9CA80093AF3C /* WordsViewAll.swift */; };
		436E3F76257A9D1C0093AF3C /* WordsList.swift in Sources */ = {isa = PBXBuildFile; fileRef = 436E3F75257A9D1C0093AF3C /* WordsList.swift */; };
		436E3F77257A9D1C0093AF3C /* WordsList.swift in Sources */ = {isa = PBXBuildFile; fileRef = 436E3F75257A9D1C0093AF3C /* WordsList.swift */; };
		4394871B256846EE000EBD98 /* Tests_iOS.swift in Sources */ = {isa = PBXBuildFile; fileRef = 4394871A256846EE000EBD98 /* Tests_iOS.swift */; };
		43948726256846EE000EBD98 /* Tests_macOS.swift in Sources */ = {isa = PBXBuildFile; fileRef = 43948725256846EE000EBD98 /* Tests_macOS.swift */; };
		4394872A256846EE000EBD98 /* QuranDBApp.swift in Sources */ = {isa = PBXBuildFile; fileRef = 439486FE256846EB000EBD98 /* QuranDBApp.swift */; };
		4394872B256846EE000EBD98 /* QuranDBApp.swift in Sources */ = {isa = PBXBuildFile; fileRef = 439486FE256846EB000EBD98 /* QuranDBApp.swift */; };
		4394872C256846EE000EBD98 /* ContentView.swift in Sources */ = {isa = PBXBuildFile; fileRef = 439486FF256846EB000EBD98 /* ContentView.swift */; };
		4394872D256846EE000EBD98 /* ContentView.swift in Sources */ = {isa = PBXBuildFile; fileRef = 439486FF256846EB000EBD98 /* ContentView.swift */; };
		4394872E256846EE000EBD98 /* Persistence.swift in Sources */ = {isa = PBXBuildFile; fileRef = 43948700256846EB000EBD98 /* Persistence.swift */; };
		4394872F256846EE000EBD98 /* Persistence.swift in Sources */ = {isa = PBXBuildFile; fileRef = 43948700256846EB000EBD98 /* Persistence.swift */; };
		43948730256846EE000EBD98 /* Assets.xcassets in Resources */ = {isa = PBXBuildFile; fileRef = 43948701256846EE000EBD98 /* Assets.xcassets */; };
		43948731256846EE000EBD98 /* Assets.xcassets in Resources */ = {isa = PBXBuildFile; fileRef = 43948701256846EE000EBD98 /* Assets.xcassets */; };
		4394874925684759000EBD98 /* SuraRow.swift in Sources */ = {isa = PBXBuildFile; fileRef = 4394874825684759000EBD98 /* SuraRow.swift */; };
		4394874A25684759000EBD98 /* SuraRow.swift in Sources */ = {isa = PBXBuildFile; fileRef = 4394874825684759000EBD98 /* SuraRow.swift */; };
		4394875425684793000EBD98 /* DataModel in Resources */ = {isa = PBXBuildFile; fileRef = 4394875325684793000EBD98 /* DataModel */; };
		4394875525684793000EBD98 /* DataModel in Resources */ = {isa = PBXBuildFile; fileRef = 4394875325684793000EBD98 /* DataModel */; };
		4394875C256847A6000EBD98 /* QuranDB.xcdatamodeld in Sources */ = {isa = PBXBuildFile; fileRef = 4394875A256847A6000EBD98 /* QuranDB.xcdatamodeld */; };
		4394875D256847A6000EBD98 /* QuranDB.xcdatamodeld in Sources */ = {isa = PBXBuildFile; fileRef = 4394875A256847A6000EBD98 /* QuranDB.xcdatamodeld */; };
		43948763256847EE000EBD98 /* Fonts in Resources */ = {isa = PBXBuildFile; fileRef = 43948762256847EE000EBD98 /* Fonts */; };
		43948764256847EE000EBD98 /* Fonts in Resources */ = {isa = PBXBuildFile; fileRef = 43948762256847EE000EBD98 /* Fonts */; };
/* End PBXBuildFile section */

/* Begin PBXContainerItemProxy section */
		43948717256846EE000EBD98 /* PBXContainerItemProxy */ = {
			isa = PBXContainerItemProxy;
			containerPortal = 439486F7256846EB000EBD98 /* Project object */;
			proxyType = 1;
			remoteGlobalIDString = 43948705256846EE000EBD98;
			remoteInfo = "QuranDB (iOS)";
		};
		43948722256846EE000EBD98 /* PBXContainerItemProxy */ = {
			isa = PBXContainerItemProxy;
			containerPortal = 439486F7256846EB000EBD98 /* Project object */;
			proxyType = 1;
			remoteGlobalIDString = 4394870D256846EE000EBD98;
			remoteInfo = "QuranDB (macOS)";
		};
/* End PBXContainerItemProxy section */

/* Begin PBXFileReference section */
		436E3E7C256C1B5B0093AF3C /* AyasView.swift */ = {isa = PBXFileReference; lastKnownFileType = sourcecode.swift; path = AyasView.swift; sourceTree = "<group>"; };
		436E3E87256E93240093AF3C /* Colors.xcassets */ = {isa = PBXFileReference; lastKnownFileType = folder.assetcatalog; path = Colors.xcassets; sourceTree = "<group>"; };
		436E3E92257265430093AF3C /* WordsView.swift */ = {isa = PBXFileReference; lastKnownFileType = sourcecode.swift; path = WordsView.swift; sourceTree = "<group>"; };
		436E3E992572AF6E0093AF3C /* WordRow.swift */ = {isa = PBXFileReference; lastKnownFileType = sourcecode.swift; path = WordRow.swift; sourceTree = "<group>"; };
		436E3EA02575498D0093AF3C /* SurasView.swift */ = {isa = PBXFileReference; lastKnownFileType = sourcecode.swift; path = SurasView.swift; sourceTree = "<group>"; };
		436E3F3B2578585F0093AF3C /* AyaRow.swift */ = {isa = PBXFileReference; lastKnownFileType = sourcecode.swift; path = AyaRow.swift; sourceTree = "<group>"; };
		436E3F46257A1C490093AF3C /* SurasList.swift */ = {isa = PBXFileReference; lastKnownFileType = sourcecode.swift; path = SurasList.swift; sourceTree = "<group>"; };
		436E3F4D257A3B300093AF3C /* AyasList.swift */ = {isa = PBXFileReference; lastKnownFileType = sourcecode.swift; path = AyasList.swift; sourceTree = "<group>"; };
		436E3F54257A572D0093AF3C /* AyasType.swift */ = {isa = PBXFileReference; lastKnownFileType = sourcecode.swift; path = AyasType.swift; sourceTree = "<group>"; };
		436E3F5F257A6F470093AF3C /* AyasViewAll.swift */ = {isa = PBXFileReference; lastKnownFileType = sourcecode.swift; path = AyasViewAll.swift; sourceTree = "<group>"; };
		436E3F6A257A9CA80093AF3C /* WordsViewAll.swift */ = {isa = PBXFileReference; lastKnownFileType = sourcecode.swift; path = WordsViewAll.swift; sourceTree = "<group>"; };
		436E3F75257A9D1C0093AF3C /* WordsList.swift */ = {isa = PBXFileReference; lastKnownFileType = sourcecode.swift; path = WordsList.swift; sourceTree = "<group>"; };
		439486FE256846EB000EBD98 /* QuranDBApp.swift */ = {isa = PBXFileReference; lastKnownFileType = sourcecode.swift; path = QuranDBApp.swift; sourceTree = "<group>"; };
		439486FF256846EB000EBD98 /* ContentView.swift */ = {isa = PBXFileReference; lastKnownFileType = sourcecode.swift; path = ContentView.swift; sourceTree = "<group>"; };
		43948700256846EB000EBD98 /* Persistence.swift */ = {isa = PBXFileReference; lastKnownFileType = sourcecode.swift; path = Persistence.swift; sourceTree = "<group>"; };
		43948701256846EE000EBD98 /* Assets.xcassets */ = {isa = PBXFileReference; lastKnownFileType = folder.assetcatalog; path = Assets.xcassets; sourceTree = "<group>"; };
		43948706256846EE000EBD98 /* QuranDB.app */ = {isa = PBXFileReference; explicitFileType = wrapper.application; includeInIndex = 0; path = QuranDB.app; sourceTree = BUILT_PRODUCTS_DIR; };
		43948709256846EE000EBD98 /* Info.plist */ = {isa = PBXFileReference; lastKnownFileType = text.plist.xml; path = Info.plist; sourceTree = "<group>"; };
		4394870E256846EE000EBD98 /* QuranDB.app */ = {isa = PBXFileReference; explicitFileType = wrapper.application; includeInIndex = 0; path = QuranDB.app; sourceTree = BUILT_PRODUCTS_DIR; };
		43948710256846EE000EBD98 /* Info.plist */ = {isa = PBXFileReference; lastKnownFileType = text.plist.xml; path = Info.plist; sourceTree = "<group>"; };
		43948711256846EE000EBD98 /* macOS.entitlements */ = {isa = PBXFileReference; lastKnownFileType = text.plist.entitlements; path = macOS.entitlements; sourceTree = "<group>"; };
		43948716256846EE000EBD98 /* Tests iOS.xctest */ = {isa = PBXFileReference; explicitFileType = wrapper.cfbundle; includeInIndex = 0; path = "Tests iOS.xctest"; sourceTree = BUILT_PRODUCTS_DIR; };
		4394871A256846EE000EBD98 /* Tests_iOS.swift */ = {isa = PBXFileReference; lastKnownFileType = sourcecode.swift; path = Tests_iOS.swift; sourceTree = "<group>"; };
		4394871C256846EE000EBD98 /* Info.plist */ = {isa = PBXFileReference; lastKnownFileType = text.plist.xml; path = Info.plist; sourceTree = "<group>"; };
		43948721256846EE000EBD98 /* Tests macOS.xctest */ = {isa = PBXFileReference; explicitFileType = wrapper.cfbundle; includeInIndex = 0; path = "Tests macOS.xctest"; sourceTree = BUILT_PRODUCTS_DIR; };
		43948725256846EE000EBD98 /* Tests_macOS.swift */ = {isa = PBXFileReference; lastKnownFileType = sourcecode.swift; path = Tests_macOS.swift; sourceTree = "<group>"; };
		43948727256846EE000EBD98 /* Info.plist */ = {isa = PBXFileReference; lastKnownFileType = text.plist.xml; path = Info.plist; sourceTree = "<group>"; };
		4394874825684759000EBD98 /* SuraRow.swift */ = {isa = PBXFileReference; fileEncoding = 4; lastKnownFileType = sourcecode.swift; path = SuraRow.swift; sourceTree = "<group>"; };
		4394875325684793000EBD98 /* DataModel */ = {isa = PBXFileReference; lastKnownFileType = folder; path = DataModel; sourceTree = "<group>"; };
		4394875B256847A6000EBD98 /* Quran.xcdatamodel */ = {isa = PBXFileReference; lastKnownFileType = wrapper.xcdatamodel; path = Quran.xcdatamodel; sourceTree = "<group>"; };
		43948762256847EE000EBD98 /* Fonts */ = {isa = PBXFileReference; lastKnownFileType = folder; path = Fonts; sourceTree = "<group>"; };
/* End PBXFileReference section */

/* Begin PBXFrameworksBuildPhase section */
		43948703256846EE000EBD98 /* Frameworks */ = {
			isa = PBXFrameworksBuildPhase;
			buildActionMask = 2147483647;
			files = (
			);
			runOnlyForDeploymentPostprocessing = 0;
		};
		4394870B256846EE000EBD98 /* Frameworks */ = {
			isa = PBXFrameworksBuildPhase;
			buildActionMask = 2147483647;
			files = (
			);
			runOnlyForDeploymentPostprocessing = 0;
		};
		43948713256846EE000EBD98 /* Frameworks */ = {
			isa = PBXFrameworksBuildPhase;
			buildActionMask = 2147483647;
			files = (
			);
			runOnlyForDeploymentPostprocessing = 0;
		};
		4394871E256846EE000EBD98 /* Frameworks */ = {
			isa = PBXFrameworksBuildPhase;
			buildActionMask = 2147483647;
			files = (
			);
			runOnlyForDeploymentPostprocessing = 0;
		};
/* End PBXFrameworksBuildPhase section */

/* Begin PBXGroup section */
		439486F6256846EB000EBD98 = {
			isa = PBXGroup;
			children = (
				439486FB256846EB000EBD98 /* Shared */,
				43948708256846EE000EBD98 /* iOS */,
				4394870F256846EE000EBD98 /* macOS */,
				43948719256846EE000EBD98 /* Tests iOS */,
				43948724256846EE000EBD98 /* Tests macOS */,
				43948707256846EE000EBD98 /* Products */,
			);
			sourceTree = "<group>";
		};
		439486FB256846EB000EBD98 /* Shared */ = {
			isa = PBXGroup;
			children = (
				439486FE256846EB000EBD98 /* QuranDBApp.swift */,
				439486FF256846EB000EBD98 /* ContentView.swift */,
				436E3EA02575498D0093AF3C /* SurasView.swift */,
				436E3F46257A1C490093AF3C /* SurasList.swift */,
				4394874825684759000EBD98 /* SuraRow.swift */,
				436E3E7C256C1B5B0093AF3C /* AyasView.swift */,
				436E3F5F257A6F470093AF3C /* AyasViewAll.swift */,
				436E3F4D257A3B300093AF3C /* AyasList.swift */,
				436E3F3B2578585F0093AF3C /* AyaRow.swift */,
				436E3F54257A572D0093AF3C /* AyasType.swift */,
				436E3E92257265430093AF3C /* WordsView.swift */,
				436E3F6A257A9CA80093AF3C /* WordsViewAll.swift */,
				436E3F75257A9D1C0093AF3C /* WordsList.swift */,
				436E3E992572AF6E0093AF3C /* WordRow.swift */,
				43948700256846EB000EBD98 /* Persistence.swift */,
				43948701256846EE000EBD98 /* Assets.xcassets */,
				436E3E87256E93240093AF3C /* Colors.xcassets */,
				4394875A256847A6000EBD98 /* QuranDB.xcdatamodeld */,
				4394875325684793000EBD98 /* DataModel */,
				43948762256847EE000EBD98 /* Fonts */,
			);
			path = Shared;
			sourceTree = "<group>";
		};
		43948707256846EE000EBD98 /* Products */ = {
			isa = PBXGroup;
			children = (
				43948706256846EE000EBD98 /* QuranDB.app */,
				4394870E256846EE000EBD98 /* QuranDB.app */,
				43948716256846EE000EBD98 /* Tests iOS.xctest */,
				43948721256846EE000EBD98 /* Tests macOS.xctest */,
			);
			name = Products;
			sourceTree = "<group>";
		};
		43948708256846EE000EBD98 /* iOS */ = {
			isa = PBXGroup;
			children = (
				43948709256846EE000EBD98 /* Info.plist */,
			);
			path = iOS;
			sourceTree = "<group>";
		};
		4394870F256846EE000EBD98 /* macOS */ = {
			isa = PBXGroup;
			children = (
				43948710256846EE000EBD98 /* Info.plist */,
				43948711256846EE000EBD98 /* macOS.entitlements */,
			);
			path = macOS;
			sourceTree = "<group>";
		};
		43948719256846EE000EBD98 /* Tests iOS */ = {
			isa = PBXGroup;
			children = (
				4394871A256846EE000EBD98 /* Tests_iOS.swift */,
				4394871C256846EE000EBD98 /* Info.plist */,
			);
			path = "Tests iOS";
			sourceTree = "<group>";
		};
		43948724256846EE000EBD98 /* Tests macOS */ = {
			isa = PBXGroup;
			children = (
				43948725256846EE000EBD98 /* Tests_macOS.swift */,
				43948727256846EE000EBD98 /* Info.plist */,
			);
			path = "Tests macOS";
			sourceTree = "<group>";
		};
/* End PBXGroup section */

/* Begin PBXNativeTarget section */
		43948705256846EE000EBD98 /* QuranDB (iOS) */ = {
			isa = PBXNativeTarget;
			buildConfigurationList = 43948734256846EE000EBD98 /* Build configuration list for PBXNativeTarget "QuranDB (iOS)" */;
			buildPhases = (
				43948702256846EE000EBD98 /* Sources */,
				43948703256846EE000EBD98 /* Frameworks */,
				43948704256846EE000EBD98 /* Resources */,
			);
			buildRules = (
			);
			dependencies = (
			);
			name = "QuranDB (iOS)";
			productName = "QuranDB (iOS)";
			productReference = 43948706256846EE000EBD98 /* QuranDB.app */;
			productType = "com.apple.product-type.application";
		};
		4394870D256846EE000EBD98 /* QuranDB (macOS) */ = {
			isa = PBXNativeTarget;
			buildConfigurationList = 43948737256846EE000EBD98 /* Build configuration list for PBXNativeTarget "QuranDB (macOS)" */;
			buildPhases = (
				4394870A256846EE000EBD98 /* Sources */,
				4394870B256846EE000EBD98 /* Frameworks */,
				4394870C256846EE000EBD98 /* Resources */,
			);
			buildRules = (
			);
			dependencies = (
			);
			name = "QuranDB (macOS)";
			productName = "QuranDB (macOS)";
			productReference = 4394870E256846EE000EBD98 /* QuranDB.app */;
			productType = "com.apple.product-type.application";
		};
		43948715256846EE000EBD98 /* Tests iOS */ = {
			isa = PBXNativeTarget;
			buildConfigurationList = 4394873A256846EE000EBD98 /* Build configuration list for PBXNativeTarget "Tests iOS" */;
			buildPhases = (
				43948712256846EE000EBD98 /* Sources */,
				43948713256846EE000EBD98 /* Frameworks */,
				43948714256846EE000EBD98 /* Resources */,
			);
			buildRules = (
			);
			dependencies = (
				43948718256846EE000EBD98 /* PBXTargetDependency */,
			);
			name = "Tests iOS";
			productName = "Tests iOS";
			productReference = 43948716256846EE000EBD98 /* Tests iOS.xctest */;
			productType = "com.apple.product-type.bundle.ui-testing";
		};
		43948720256846EE000EBD98 /* Tests macOS */ = {
			isa = PBXNativeTarget;
			buildConfigurationList = 4394873D256846EE000EBD98 /* Build configuration list for PBXNativeTarget "Tests macOS" */;
			buildPhases = (
				4394871D256846EE000EBD98 /* Sources */,
				4394871E256846EE000EBD98 /* Frameworks */,
				4394871F256846EE000EBD98 /* Resources */,
			);
			buildRules = (
			);
			dependencies = (
				43948723256846EE000EBD98 /* PBXTargetDependency */,
			);
			name = "Tests macOS";
			productName = "Tests macOS";
			productReference = 43948721256846EE000EBD98 /* Tests macOS.xctest */;
			productType = "com.apple.product-type.bundle.ui-testing";
		};
/* End PBXNativeTarget section */

/* Begin PBXProject section */
		439486F7256846EB000EBD98 /* Project object */ = {
			isa = PBXProject;
			attributes = {
				LastSwiftUpdateCheck = 1220;
				LastUpgradeCheck = 1230;
				TargetAttributes = {
					43948705256846EE000EBD98 = {
						CreatedOnToolsVersion = 12.2;
					};
					4394870D256846EE000EBD98 = {
						CreatedOnToolsVersion = 12.2;
					};
					43948715256846EE000EBD98 = {
						CreatedOnToolsVersion = 12.2;
						TestTargetID = 43948705256846EE000EBD98;
					};
					43948720256846EE000EBD98 = {
						CreatedOnToolsVersion = 12.2;
						TestTargetID = 4394870D256846EE000EBD98;
					};
				};
			};
			buildConfigurationList = 439486FA256846EB000EBD98 /* Build configuration list for PBXProject "QuranDB" */;
			compatibilityVersion = "Xcode 9.3";
			developmentRegion = en;
			hasScannedForEncodings = 0;
			knownRegions = (
				en,
				Base,
			);
			mainGroup = 439486F6256846EB000EBD98;
			productRefGroup = 43948707256846EE000EBD98 /* Products */;
			projectDirPath = "";
			projectRoot = "";
			targets = (
				43948705256846EE000EBD98 /* QuranDB (iOS) */,
				4394870D256846EE000EBD98 /* QuranDB (macOS) */,
				43948715256846EE000EBD98 /* Tests iOS */,
				43948720256846EE000EBD98 /* Tests macOS */,
			);
		};
/* End PBXProject section */

/* Begin PBXResourcesBuildPhase section */
		43948704256846EE000EBD98 /* Resources */ = {
			isa = PBXResourcesBuildPhase;
			buildActionMask = 2147483647;
			files = (
				43948763256847EE000EBD98 /* Fonts in Resources */,
				436E3E88256E93240093AF3C /* Colors.xcassets in Resources */,
				4394875425684793000EBD98 /* DataModel in Resources */,
				43948730256846EE000EBD98 /* Assets.xcassets in Resources */,
			);
			runOnlyForDeploymentPostprocessing = 0;
		};
		4394870C256846EE000EBD98 /* Resources */ = {
			isa = PBXResourcesBuildPhase;
			buildActionMask = 2147483647;
			files = (
				43948764256847EE000EBD98 /* Fonts in Resources */,
				436E3E89256E93240093AF3C /* Colors.xcassets in Resources */,
				4394875525684793000EBD98 /* DataModel in Resources */,
				43948731256846EE000EBD98 /* Assets.xcassets in Resources */,
			);
			runOnlyForDeploymentPostprocessing = 0;
		};
		43948714256846EE000EBD98 /* Resources */ = {
			isa = PBXResourcesBuildPhase;
			buildActionMask = 2147483647;
			files = (
			);
			runOnlyForDeploymentPostprocessing = 0;
		};
		4394871F256846EE000EBD98 /* Resources */ = {
			isa = PBXResourcesBuildPhase;
			buildActionMask = 2147483647;
			files = (
			);
			runOnlyForDeploymentPostprocessing = 0;
		};
/* End PBXResourcesBuildPhase section */

/* Begin PBXSourcesBuildPhase section */
		43948702256846EE000EBD98 /* Sources */ = {
			isa = PBXSourcesBuildPhase;
			buildActionMask = 2147483647;
			files = (
				436E3E9A2572AF6F0093AF3C /* WordRow.swift in Sources */,
				4394874925684759000EBD98 /* SuraRow.swift in Sources */,
				4394872E256846EE000EBD98 /* Persistence.swift in Sources */,
				436E3E93257265430093AF3C /* WordsView.swift in Sources */,
				436E3EA12575498D0093AF3C /* SurasView.swift in Sources */,
				436E3F76257A9D1C0093AF3C /* WordsList.swift in Sources */,
				4394872A256846EE000EBD98 /* QuranDBApp.swift in Sources */,
				436E3F60257A6F470093AF3C /* AyasViewAll.swift in Sources */,
				4394875C256847A6000EBD98 /* QuranDB.xcdatamodeld in Sources */,
				436E3F4E257A3B300093AF3C /* AyasList.swift in Sources */,
				436E3E7D256C1B5B0093AF3C /* AyasView.swift in Sources */,
				436E3F6B257A9CA80093AF3C /* WordsViewAll.swift in Sources */,
				436E3F3C2578585F0093AF3C /* AyaRow.swift in Sources */,
				436E3F47257A1C490093AF3C /* SurasList.swift in Sources */,
				436E3F55257A572D0093AF3C /* AyasType.swift in Sources */,
				4394872C256846EE000EBD98 /* ContentView.swift in Sources */,
			);
			runOnlyForDeploymentPostprocessing = 0;
		};
		4394870A256846EE000EBD98 /* Sources */ = {
			isa = PBXSourcesBuildPhase;
			buildActionMask = 2147483647;
			files = (
				436E3E9B2572AF6F0093AF3C /* WordRow.swift in Sources */,
				4394874A25684759000EBD98 /* SuraRow.swift in Sources */,
				4394872F256846EE000EBD98 /* Persistence.swift in Sources */,
				436E3E94257265430093AF3C /* WordsView.swift in Sources */,
				436E3EA22575498D0093AF3C /* SurasView.swift in Sources */,
				436E3F77257A9D1C0093AF3C /* WordsList.swift in Sources */,
				4394872B256846EE000EBD98 /* QuranDBApp.swift in Sources */,
				436E3F61257A6F470093AF3C /* AyasViewAll.swift in Sources */,
				4394875D256847A6000EBD98 /* QuranDB.xcdatamodeld in Sources */,
				436E3F4F257A3B300093AF3C /* AyasList.swift in Sources */,
				436E3E7E256C1B5B0093AF3C /* AyasView.swift in Sources */,
				436E3F6C257A9CA80093AF3C /* WordsViewAll.swift in Sources */,
				436E3F3D2578585F0093AF3C /* AyaRow.swift in Sources */,
				436E3F48257A1C490093AF3C /* SurasList.swift in Sources */,
				436E3F56257A572D0093AF3C /* AyasType.swift in Sources */,
				4394872D256846EE000EBD98 /* ContentView.swift in Sources */,
			);
			runOnlyForDeploymentPostprocessing = 0;
		};
		43948712256846EE000EBD98 /* Sources */ = {
			isa = PBXSourcesBuildPhase;
			buildActionMask = 2147483647;
			files = (
				4394871B256846EE000EBD98 /* Tests_iOS.swift in Sources */,
			);
			runOnlyForDeploymentPostprocessing = 0;
		};
		4394871D256846EE000EBD98 /* Sources */ = {
			isa = PBXSourcesBuildPhase;
			buildActionMask = 2147483647;
			files = (
				43948726256846EE000EBD98 /* Tests_macOS.swift in Sources */,
			);
			runOnlyForDeploymentPostprocessing = 0;
		};
/* End PBXSourcesBuildPhase section */

/* Begin PBXTargetDependency section */
		43948718256846EE000EBD98 /* PBXTargetDependency */ = {
			isa = PBXTargetDependency;
			target = 43948705256846EE000EBD98 /* QuranDB (iOS) */;
			targetProxy = 43948717256846EE000EBD98 /* PBXContainerItemProxy */;
		};
		43948723256846EE000EBD98 /* PBXTargetDependency */ = {
			isa = PBXTargetDependency;
			target = 4394870D256846EE000EBD98 /* QuranDB (macOS) */;
			targetProxy = 43948722256846EE000EBD98 /* PBXContainerItemProxy */;
		};
/* End PBXTargetDependency section */

/* Begin XCBuildConfiguration section */
		43948732256846EE000EBD98 /* Debug */ = {
			isa = XCBuildConfiguration;
			buildSettings = {
				ALWAYS_SEARCH_USER_PATHS = NO;
				CLANG_ANALYZER_NONNULL = YES;
				CLANG_ANALYZER_NUMBER_OBJECT_CONVERSION = YES_AGGRESSIVE;
				CLANG_CXX_LANGUAGE_STANDARD = "gnu++14";
				CLANG_CXX_LIBRARY = "libc++";
				CLANG_ENABLE_MODULES = YES;
				CLANG_ENABLE_OBJC_ARC = YES;
				CLANG_ENABLE_OBJC_WEAK = YES;
				CLANG_WARN_BLOCK_CAPTURE_AUTORELEASING = YES;
				CLANG_WARN_BOOL_CONVERSION = YES;
				CLANG_WARN_COMMA = YES;
				CLANG_WARN_CONSTANT_CONVERSION = YES;
				CLANG_WARN_DEPRECATED_OBJC_IMPLEMENTATIONS = YES;
				CLANG_WARN_DIRECT_OBJC_ISA_USAGE = YES_ERROR;
				CLANG_WARN_DOCUMENTATION_COMMENTS = YES;
				CLANG_WARN_EMPTY_BODY = YES;
				CLANG_WARN_ENUM_CONVERSION = YES;
				CLANG_WARN_INFINITE_RECURSION = YES;
				CLANG_WARN_INT_CONVERSION = YES;
				CLANG_WARN_NON_LITERAL_NULL_CONVERSION = YES;
				CLANG_WARN_OBJC_IMPLICIT_RETAIN_SELF = YES;
				CLANG_WARN_OBJC_LITERAL_CONVERSION = YES;
				CLANG_WARN_OBJC_ROOT_CLASS = YES_ERROR;
				CLANG_WARN_QUOTED_INCLUDE_IN_FRAMEWORK_HEADER = YES;
				CLANG_WARN_RANGE_LOOP_ANALYSIS = YES;
				CLANG_WARN_STRICT_PROTOTYPES = YES;
				CLANG_WARN_SUSPICIOUS_MOVE = YES;
				CLANG_WARN_UNGUARDED_AVAILABILITY = YES_AGGRESSIVE;
				CLANG_WARN_UNREACHABLE_CODE = YES;
				CLANG_WARN__DUPLICATE_METHOD_MATCH = YES;
				COPY_PHASE_STRIP = NO;
				DEBUG_INFORMATION_FORMAT = dwarf;
				ENABLE_STRICT_OBJC_MSGSEND = YES;
				ENABLE_TESTABILITY = YES;
				GCC_C_LANGUAGE_STANDARD = gnu11;
				GCC_DYNAMIC_NO_PIC = NO;
				GCC_NO_COMMON_BLOCKS = YES;
				GCC_OPTIMIZATION_LEVEL = 0;
				GCC_PREPROCESSOR_DEFINITIONS = (
					"DEBUG=1",
					"$(inherited)",
				);
				GCC_WARN_64_TO_32_BIT_CONVERSION = YES;
				GCC_WARN_ABOUT_RETURN_TYPE = YES_ERROR;
				GCC_WARN_UNDECLARED_SELECTOR = YES;
				GCC_WARN_UNINITIALIZED_AUTOS = YES_AGGRESSIVE;
				GCC_WARN_UNUSED_FUNCTION = YES;
				GCC_WARN_UNUSED_VARIABLE = YES;
				MTL_ENABLE_DEBUG_INFO = INCLUDE_SOURCE;
				MTL_FAST_MATH = YES;
				ONLY_ACTIVE_ARCH = YES;
				SWIFT_ACTIVE_COMPILATION_CONDITIONS = DEBUG;
				SWIFT_OPTIMIZATION_LEVEL = "-Onone";
			};
			name = Debug;
		};
		43948733256846EE000EBD98 /* Release */ = {
			isa = XCBuildConfiguration;
			buildSettings = {
				ALWAYS_SEARCH_USER_PATHS = NO;
				CLANG_ANALYZER_NONNULL = YES;
				CLANG_ANALYZER_NUMBER_OBJECT_CONVERSION = YES_AGGRESSIVE;
				CLANG_CXX_LANGUAGE_STANDARD = "gnu++14";
				CLANG_CXX_LIBRARY = "libc++";
				CLANG_ENABLE_MODULES = YES;
				CLANG_ENABLE_OBJC_ARC = YES;
				CLANG_ENABLE_OBJC_WEAK = YES;
				CLANG_WARN_BLOCK_CAPTURE_AUTORELEASING = YES;
				CLANG_WARN_BOOL_CONVERSION = YES;
				CLANG_WARN_COMMA = YES;
				CLANG_WARN_CONSTANT_CONVERSION = YES;
				CLANG_WARN_DEPRECATED_OBJC_IMPLEMENTATIONS = YES;
				CLANG_WARN_DIRECT_OBJC_ISA_USAGE = YES_ERROR;
				CLANG_WARN_DOCUMENTATION_COMMENTS = YES;
				CLANG_WARN_EMPTY_BODY = YES;
				CLANG_WARN_ENUM_CONVERSION = YES;
				CLANG_WARN_INFINITE_RECURSION = YES;
				CLANG_WARN_INT_CONVERSION = YES;
				CLANG_WARN_NON_LITERAL_NULL_CONVERSION = YES;
				CLANG_WARN_OBJC_IMPLICIT_RETAIN_SELF = YES;
				CLANG_WARN_OBJC_LITERAL_CONVERSION = YES;
				CLANG_WARN_OBJC_ROOT_CLASS = YES_ERROR;
				CLANG_WARN_QUOTED_INCLUDE_IN_FRAMEWORK_HEADER = YES;
				CLANG_WARN_RANGE_LOOP_ANALYSIS = YES;
				CLANG_WARN_STRICT_PROTOTYPES = YES;
				CLANG_WARN_SUSPICIOUS_MOVE = YES;
				CLANG_WARN_UNGUARDED_AVAILABILITY = YES_AGGRESSIVE;
				CLANG_WARN_UNREACHABLE_CODE = YES;
				CLANG_WARN__DUPLICATE_METHOD_MATCH = YES;
				COPY_PHASE_STRIP = NO;
				DEBUG_INFORMATION_FORMAT = "dwarf-with-dsym";
				ENABLE_NS_ASSERTIONS = NO;
				ENABLE_STRICT_OBJC_MSGSEND = YES;
				GCC_C_LANGUAGE_STANDARD = gnu11;
				GCC_NO_COMMON_BLOCKS = YES;
				GCC_WARN_64_TO_32_BIT_CONVERSION = YES;
				GCC_WARN_ABOUT_RETURN_TYPE = YES_ERROR;
				GCC_WARN_UNDECLARED_SELECTOR = YES;
				GCC_WARN_UNINITIALIZED_AUTOS = YES_AGGRESSIVE;
				GCC_WARN_UNUSED_FUNCTION = YES;
				GCC_WARN_UNUSED_VARIABLE = YES;
				MTL_ENABLE_DEBUG_INFO = NO;
				MTL_FAST_MATH = YES;
				SWIFT_COMPILATION_MODE = wholemodule;
				SWIFT_OPTIMIZATION_LEVEL = "-O";
			};
			name = Release;
		};
		43948735256846EE000EBD98 /* Debug */ = {
			isa = XCBuildConfiguration;
			buildSettings = {
				ASSETCATALOG_COMPILER_APPICON_NAME = AppIcon;
				ASSETCATALOG_COMPILER_GLOBAL_ACCENT_COLOR_NAME = AccentColor;
				CODE_SIGN_STYLE = Automatic;
				DEVELOPMENT_TEAM = 435T3LW5U5;
				ENABLE_PREVIEWS = YES;
				INFOPLIST_FILE = iOS/Info.plist;
				IPHONEOS_DEPLOYMENT_TARGET = 14.0;
				LD_RUNPATH_SEARCH_PATHS = (
					"$(inherited)",
					"@executable_path/Frameworks",
				);
				PRODUCT_BUNDLE_IDENTIFIER = salman.xyz.QuranDB;
				PRODUCT_NAME = QuranDB;
				SDKROOT = iphoneos;
				SWIFT_VERSION = 5.0;
				TARGETED_DEVICE_FAMILY = "1,2";
			};
			name = Debug;
		};
		43948736256846EE000EBD98 /* Release */ = {
			isa = XCBuildConfiguration;
			buildSettings = {
				ASSETCATALOG_COMPILER_APPICON_NAME = AppIcon;
				ASSETCATALOG_COMPILER_GLOBAL_ACCENT_COLOR_NAME = AccentColor;
				CODE_SIGN_STYLE = Automatic;
				DEVELOPMENT_TEAM = 435T3LW5U5;
				ENABLE_PREVIEWS = YES;
				INFOPLIST_FILE = iOS/Info.plist;
				IPHONEOS_DEPLOYMENT_TARGET = 14.0;
				LD_RUNPATH_SEARCH_PATHS = (
					"$(inherited)",
					"@executable_path/Frameworks",
				);
				PRODUCT_BUNDLE_IDENTIFIER = salman.xyz.QuranDB;
				PRODUCT_NAME = QuranDB;
				SDKROOT = iphoneos;
				SWIFT_VERSION = 5.0;
				TARGETED_DEVICE_FAMILY = "1,2";
				VALIDATE_PRODUCT = YES;
			};
			name = Release;
		};
		43948738256846EE000EBD98 /* Debug */ = {
			isa = XCBuildConfiguration;
			buildSettings = {
				ASSETCATALOG_COMPILER_APPICON_NAME = AppIcon;
				ASSETCATALOG_COMPILER_GLOBAL_ACCENT_COLOR_NAME = AccentColor;
				CODE_SIGN_ENTITLEMENTS = macOS/macOS.entitlements;
				CODE_SIGN_IDENTITY = "-";
				CODE_SIGN_STYLE = Automatic;
				COMBINE_HIDPI_IMAGES = YES;
				DEVELOPMENT_TEAM = 435T3LW5U5;
				ENABLE_HARDENED_RUNTIME = YES;
				ENABLE_PREVIEWS = YES;
				INFOPLIST_FILE = macOS/Info.plist;
				LD_RUNPATH_SEARCH_PATHS = (
					"$(inherited)",
					"@executable_path/../Frameworks",
				);
				MACOSX_DEPLOYMENT_TARGET = 11.0;
				PRODUCT_BUNDLE_IDENTIFIER = salman.xyz.QuranDB;
				PRODUCT_NAME = QuranDB;
				SDKROOT = macosx;
				SWIFT_VERSION = 5.0;
			};
			name = Debug;
		};
		43948739256846EE000EBD98 /* Release */ = {
			isa = XCBuildConfiguration;
			buildSettings = {
				ASSETCATALOG_COMPILER_APPICON_NAME = AppIcon;
				ASSETCATALOG_COMPILER_GLOBAL_ACCENT_COLOR_NAME = AccentColor;
				CODE_SIGN_ENTITLEMENTS = macOS/macOS.entitlements;
				CODE_SIGN_IDENTITY = "-";
				CODE_SIGN_STYLE = Automatic;
				COMBINE_HIDPI_IMAGES = YES;
				DEVELOPMENT_TEAM = 435T3LW5U5;
				ENABLE_HARDENED_RUNTIME = YES;
				ENABLE_PREVIEWS = YES;
				INFOPLIST_FILE = macOS/Info.plist;
				LD_RUNPATH_SEARCH_PATHS = (
					"$(inherited)",
					"@executable_path/../Frameworks",
				);
				MACOSX_DEPLOYMENT_TARGET = 11.0;
				PRODUCT_BUNDLE_IDENTIFIER = salman.xyz.QuranDB;
				PRODUCT_NAME = QuranDB;
				SDKROOT = macosx;
				SWIFT_VERSION = 5.0;
			};
			name = Release;
		};
		4394873B256846EE000EBD98 /* Debug */ = {
			isa = XCBuildConfiguration;
			buildSettings = {
				ALWAYS_EMBED_SWIFT_STANDARD_LIBRARIES = YES;
				CODE_SIGN_STYLE = Automatic;
				DEVELOPMENT_TEAM = 435T3LW5U5;
				INFOPLIST_FILE = "Tests iOS/Info.plist";
				IPHONEOS_DEPLOYMENT_TARGET = 14.2;
				LD_RUNPATH_SEARCH_PATHS = (
					"$(inherited)",
					"@executable_path/Frameworks",
					"@loader_path/Frameworks",
				);
				PRODUCT_BUNDLE_IDENTIFIER = "salman.xyz.Tests-iOS";
				PRODUCT_NAME = "$(TARGET_NAME)";
				SDKROOT = iphoneos;
				SWIFT_VERSION = 5.0;
				TARGETED_DEVICE_FAMILY = "1,2";
				TEST_TARGET_NAME = "QuranDB (iOS)";
			};
			name = Debug;
		};
		4394873C256846EE000EBD98 /* Release */ = {
			isa = XCBuildConfiguration;
			buildSettings = {
				ALWAYS_EMBED_SWIFT_STANDARD_LIBRARIES = YES;
				CODE_SIGN_STYLE = Automatic;
				DEVELOPMENT_TEAM = 435T3LW5U5;
				INFOPLIST_FILE = "Tests iOS/Info.plist";
				IPHONEOS_DEPLOYMENT_TARGET = 14.2;
				LD_RUNPATH_SEARCH_PATHS = (
					"$(inherited)",
					"@executable_path/Frameworks",
					"@loader_path/Frameworks",
				);
				PRODUCT_BUNDLE_IDENTIFIER = "salman.xyz.Tests-iOS";
				PRODUCT_NAME = "$(TARGET_NAME)";
				SDKROOT = iphoneos;
				SWIFT_VERSION = 5.0;
				TARGETED_DEVICE_FAMILY = "1,2";
				TEST_TARGET_NAME = "QuranDB (iOS)";
				VALIDATE_PRODUCT = YES;
			};
			name = Release;
		};
		4394873E256846EE000EBD98 /* Debug */ = {
			isa = XCBuildConfiguration;
			buildSettings = {
				ALWAYS_EMBED_SWIFT_STANDARD_LIBRARIES = YES;
				CODE_SIGN_STYLE = Automatic;
				COMBINE_HIDPI_IMAGES = YES;
				DEVELOPMENT_TEAM = 435T3LW5U5;
				INFOPLIST_FILE = "Tests macOS/Info.plist";
				LD_RUNPATH_SEARCH_PATHS = (
					"$(inherited)",
					"@executable_path/../Frameworks",
					"@loader_path/../Frameworks",
				);
				MACOSX_DEPLOYMENT_TARGET = 10.15;
				PRODUCT_BUNDLE_IDENTIFIER = "salman.xyz.Tests-macOS";
				PRODUCT_NAME = "$(TARGET_NAME)";
				SDKROOT = macosx;
				SWIFT_VERSION = 5.0;
				TEST_TARGET_NAME = "QuranDB (macOS)";
			};
			name = Debug;
		};
		4394873F256846EE000EBD98 /* Release */ = {
			isa = XCBuildConfiguration;
			buildSettings = {
				ALWAYS_EMBED_SWIFT_STANDARD_LIBRARIES = YES;
				CODE_SIGN_STYLE = Automatic;
				COMBINE_HIDPI_IMAGES = YES;
				DEVELOPMENT_TEAM = 435T3LW5U5;
				INFOPLIST_FILE = "Tests macOS/Info.plist";
				LD_RUNPATH_SEARCH_PATHS = (
					"$(inherited)",
					"@executable_path/../Frameworks",
					"@loader_path/../Frameworks",
				);
				MACOSX_DEPLOYMENT_TARGET = 10.15;
				PRODUCT_BUNDLE_IDENTIFIER = "salman.xyz.Tests-macOS";
				PRODUCT_NAME = "$(TARGET_NAME)";
				SDKROOT = macosx;
				SWIFT_VERSION = 5.0;
				TEST_TARGET_NAME = "QuranDB (macOS)";
			};
			name = Release;
		};
/* End XCBuildConfiguration section */

/* Begin XCConfigurationList section */
		439486FA256846EB000EBD98 /* Build configuration list for PBXProject "QuranDB" */ = {
			isa = XCConfigurationList;
			buildConfigurations = (
				43948732256846EE000EBD98 /* Debug */,
				43948733256846EE000EBD98 /* Release */,
			);
			defaultConfigurationIsVisible = 0;
			defaultConfigurationName = Release;
		};
		43948734256846EE000EBD98 /* Build configuration list for PBXNativeTarget "QuranDB (iOS)" */ = {
			isa = XCConfigurationList;
			buildConfigurations = (
				43948735256846EE000EBD98 /* Debug */,
				43948736256846EE000EBD98 /* Release */,
			);
			defaultConfigurationIsVisible = 0;
			defaultConfigurationName = Release;
		};
		43948737256846EE000EBD98 /* Build configuration list for PBXNativeTarget "QuranDB (macOS)" */ = {
			isa = XCConfigurationList;
			buildConfigurations = (
				43948738256846EE000EBD98 /* Debug */,
				43948739256846EE000EBD98 /* Release */,
			);
			defaultConfigurationIsVisible = 0;
			defaultConfigurationName = Release;
		};
		4394873A256846EE000EBD98 /* Build configuration list for PBXNativeTarget "Tests iOS" */ = {
			isa = XCConfigurationList;
			buildConfigurations = (
				4394873B256846EE000EBD98 /* Debug */,
				4394873C256846EE000EBD98 /* Release */,
			);
			defaultConfigurationIsVisible = 0;
			defaultConfigurationName = Release;
		};
		4394873D256846EE000EBD98 /* Build configuration list for PBXNativeTarget "Tests macOS" */ = {
			isa = XCConfigurationList;
			buildConfigurations = (
				4394873E256846EE000EBD98 /* Debug */,
				4394873F256846EE000EBD98 /* Release */,
			);
			defaultConfigurationIsVisible = 0;
			defaultConfigurationName = Release;
		};
/* End XCConfigurationList section */

/* Begin XCVersionGroup section */
		4394875A256847A6000EBD98 /* QuranDB.xcdatamodeld */ = {
			isa = XCVersionGroup;
			children = (
				4394875B256847A6000EBD98 /* Quran.xcdatamodel */,
			);
			currentVersion = 4394875B256847A6000EBD98 /* Quran.xcdatamodel */;
			path = QuranDB.xcdatamodeld;
			sourceTree = "<group>";
			versionGroupType = wrapper.xcdatamodel;
		};
/* End XCVersionGroup section */
	};
	rootObject = 439486F7256846EB000EBD98 /* Project object */;
}
